<?xml version="1.0" encoding="utf-8"?>
<Project ToolsVersion="4.0" xmlns="http://schemas.microsoft.com/developer/msbuild/2003">
  <ItemGroup>
    <ClCompile Include="src\ofApp.cpp">
      <Filter>src</Filter>
    </ClCompile>
    <ClCompile Include="src\main.cpp">
      <Filter>src</Filter>
    </ClCompile>
    <ClCompile Include="..\..\..\addons\ofxWindowApp\src\ofxWindowApp.cpp">
      <Filter>addons\ofxWindowApp\src</Filter>
    </ClCompile>
  </ItemGroup>
  <ItemGroup>
    <Filter Include="src">
      <UniqueIdentifier>{d8376475-7454-4a24-b08a-aac121d3ad6f}</UniqueIdentifier>
    </Filter>
    <Filter Include="addons">
      <UniqueIdentifier>{71834F65-F3A9-211E-73B8-DC85}</UniqueIdentifier>
    </Filter>
    <Filter Include="addons\ofxWindowApp">
      <UniqueIdentifier>{687A39F1-CC3A-688B-E15C-DD87}</UniqueIdentifier>
    </Filter>
    <Filter Include="addons\ofxWindowApp\src">
      <UniqueIdentifier>{9F613C1F-1B41-2D40-5794-7906}</UniqueIdentifier>
    </Filter>
    <Filter Include="addons\ofxSerializer">
      <UniqueIdentifier>{6d7e4199-ad67-4d43-ac83-251dd6fce396}</UniqueIdentifier>
    </Filter>
    <Filter Include="addons\ofxSerializer\src">
      <UniqueIdentifier>{81fe855b-4940-40f6-b8bd-95288601dd9d}</UniqueIdentifier>
    </Filter>
  </ItemGroup>
  <ItemGroup>
    <ClInclude Include="src\ofApp.h">
      <Filter>src</Filter>
    </ClInclude>
    <ClInclude Include="..\..\..\addons\ofxWindowApp\src\ofxWindowApp.h">
      <Filter>addons\ofxWindowApp\src</Filter>
    </ClInclude>
    <ClInclude Include="..\..\ofxSerializer\src\ofxSerializer.h">
      <Filter>addons\ofxSerializer\src</Filter>
    </ClInclude>
  </ItemGroup>
  <ItemGroup>
    <ResourceCompile Include="icon.rc" />
  </ItemGroup>
</Project>